
Microsoft Visual Studio Solution File, Format Version 12.00
# Visual Studio 2012
Project("{FAE04EC0-301F-11D3-BF4B-00C04F79EFBC}") = "LogitechWrapper", "LogitechWrapper\LogitechWrapper.csproj", "{28F5DC1D-6BDD-43C1-92DD-C568E28E3351}"
EndProject
Project("{FAE04EC0-301F-11D3-BF4B-00C04F79EFBC}") = "Samples", "Samples\Samples.csproj", "{8BE78C76-88AA-4CDF-8B48-91B60ABC6F1C}"
EndProject
Global
	GlobalSection(SolutionConfigurationPlatforms) = preSolution
		Debug|Any CPU = Debug|Any CPU
		Release|Any CPU = Release|Any CPU
	EndGlobalSection
	GlobalSection(ProjectConfigurationPlatforms) = postSolution
		{28F5DC1D-6BDD-43C1-92DD-C568E28E3351}.Debug|Any CPU.ActiveCfg = Debug|Any CPU
		{28F5DC1D-6BDD-43C1-92DD-C568E28E3351}.Debug|Any CPU.Build.0 = Debug|Any CPU
		{28F5DC1D-6BDD-43C1-92DD-C568E28E3351}.Release|Any CPU.ActiveCfg = Release|Any CPU
		{28F5DC1D-6BDD-43C1-92DD-C568E28E3351}.Release|Any CPU.Build.0 = Release|Any CPU
		{8BE78C76-88AA-4CDF-8B48-91B60ABC6F1C}.Debug|Any CPU.ActiveCfg = Debug|Any CPU
		{8BE78C76-88AA-4CDF-8B48-91B60ABC6F1C}.Debug|Any CPU.Build.0 = Debug|Any CPU
		{8BE78C76-88AA-4CDF-8B48-91B60ABC6F1C}.Release|Any CPU.ActiveCfg = Release|Any CPU
		{8BE78C76-88AA-4CDF-8B48-91B60ABC6F1C}.Release|Any CPU.Build.0 = Release|Any CPU
	EndGlobalSection
	GlobalSection(SolutionProperties) = preSolution
		HideSolutionNode = FALSE
	EndGlobalSection
EndGlobal
